
Microsoft Visual Studio Solution File, Format Version 12.00
# Visual Studio 2012
Project("{FAE04EC0-301F-11D3-BF4B-00C04F79EFBC}") = "calculate_the_size_of_folder", "calculate_the_size_of_folder\calculate_the_size_of_folder.csproj", "{457A13D2-5F10-423A-A1FD-DE70C4B62E56}"
EndProject
Global
	GlobalSection(SolutionConfigurationPlatforms) = preSolution
		Debug|Any CPU = Debug|Any CPU
		Release|Any CPU = Release|Any CPU
	EndGlobalSection
	GlobalSection(ProjectConfigurationPlatforms) = postSolution
		{457A13D2-5F10-423A-A1FD-DE70C4B62E56}.Debug|Any CPU.ActiveCfg = Debug|Any CPU
		{457A13D2-5F10-423A-A1FD-DE70C4B62E56}.Debug|Any CPU.Build.0 = Debug|Any CPU
		{457A13D2-5F10-423A-A1FD-DE70C4B62E56}.Release|Any CPU.ActiveCfg = Release|Any CPU
		{457A13D2-5F10-423A-A1FD-DE70C4B62E56}.Release|Any CPU.Build.0 = Release|Any CPU
	EndGlobalSection
EndGlobal
